
Microsoft Visual Studio Solution File, Format Version 12.00
# Visual Studio Version 16
VisualStudioVersion = 16.0.31729.503
MinimumVisualStudioVersion = 10.0.40219.1
Project("{888888A0-9F3D-457C-B088-3A5042F75D52}") = "Работа 10 функций", "Работа 10 функций\Работа 10 функций.pyproj", "{0F60A6DB-7AC6-49FB-A6E5-5C0A116F5741}"
EndProject
Global
	GlobalSection(SolutionConfigurationPlatforms) = preSolution
		Debug|Any CPU = Debug|Any CPU
		Release|Any CPU = Release|Any CPU
	EndGlobalSection
	GlobalSection(ProjectConfigurationPlatforms) = postSolution
		{0F60A6DB-7AC6-49FB-A6E5-5C0A116F5741}.Debug|Any CPU.ActiveCfg = Debug|Any CPU
		{0F60A6DB-7AC6-49FB-A6E5-5C0A116F5741}.Release|Any CPU.ActiveCfg = Release|Any CPU
	EndGlobalSection
	GlobalSection(SolutionProperties) = preSolution
		HideSolutionNode = FALSE
	EndGlobalSection
	GlobalSection(ExtensibilityGlobals) = postSolution
		SolutionGuid = {0AE890F8-4F2B-4482-B4A0-0503C0630383}
	EndGlobalSection
EndGlobal
